
Microsoft Visual Studio Solution File, Format Version 9.00
# Visual Studio 2005
Project("{FAE04EC0-301F-11D3-BF4B-00C04F79EFBC}") = "NXmlSerializer.TestData", "NXmlSerializer.TestData.csproj", "{DC35C153-623F-403B-93AD-F39ED62201BD}"
EndProject
Global
	GlobalSection(SolutionConfigurationPlatforms) = preSolution
		Debug|Any CPU = Debug|Any CPU
		Release|Any CPU = Release|Any CPU
	EndGlobalSection
	GlobalSection(ProjectConfigurationPlatforms) = postSolution
		{DC35C153-623F-403B-93AD-F39ED62201BD}.Debug|Any CPU.ActiveCfg = Debug|Any CPU
		{DC35C153-623F-403B-93AD-F39ED62201BD}.Debug|Any CPU.Build.0 = Debug|Any CPU
		{DC35C153-623F-403B-93AD-F39ED62201BD}.Release|Any CPU.ActiveCfg = Release|Any CPU
		{DC35C153-623F-403B-93AD-F39ED62201BD}.Release|Any CPU.Build.0 = Release|Any CPU
	EndGlobalSection
	GlobalSection(SolutionProperties) = preSolution
		HideSolutionNode = FALSE
	EndGlobalSection
EndGlobal
